// !$*UTF8*$!
{
	archiveVersion = 1;
	classes = {
	};
	objectVersion = 50;
	objects = {

/* Begin PBXBuildFile section */
		BA6EBAA9209D3DD200235375 /* AppDelegate.swift in Sources */ = {isa = PBXBuildFile; fileRef = BA6EBAA8209D3DD200235375 /* AppDelegate.swift */; };
		BA6EBAAD209D3DD200235375 /* Actions.sks in Resources */ = {isa = PBXBuildFile; fileRef = BA6EBAAC209D3DD200235375 /* Actions.sks */; };
		BA6EBAAF209D3DD200235375 /* GameScene.swift in Sources */ = {isa = PBXBuildFile; fileRef = BA6EBAAE209D3DD200235375 /* GameScene.swift */; };
		BA6EBAB1209D3DD200235375 /* GameViewController.swift in Sources */ = {isa = PBXBuildFile; fileRef = BA6EBAB0209D3DD200235375 /* GameViewController.swift */; };
		BA6EBAB4209D3DD200235375 /* Main.storyboard in Resources */ = {isa = PBXBuildFile; fileRef = BA6EBAB2209D3DD200235375 /* Main.storyboard */; };
		BA6EBAB6209D3DD400235375 /* Assets.xcassets in Resources */ = {isa = PBXBuildFile; fileRef = BA6EBAB5209D3DD400235375 /* Assets.xcassets */; };
		BA6EBAB9209D3DD400235375 /* LaunchScreen.storyboard in Resources */ = {isa = PBXBuildFile; fileRef = BA6EBAB7209D3DD400235375 /* LaunchScreen.storyboard */; };
		BA6EBAC1209D3E3200235375 /* sprites.atlas in Resources */ = {isa = PBXBuildFile; fileRef = BA6EBAC0209D3E3200235375 /* sprites.atlas */; };
		BAF75246209F8180004F0D6B /* Texture.swift in Sources */ = {isa = PBXBuildFile; fileRef = BAF75245209F8180004F0D6B /* Texture.swift */; };
		BAF75248209F83FA004F0D6B /* Character.swift in Sources */ = {isa = PBXBuildFile; fileRef = BAF75247209F83FA004F0D6B /* Character.swift */; };
		BAF7524A20A3A5E6004F0D6B /* PathFinder.swift in Sources */ = {isa = PBXBuildFile; fileRef = BAF7524920A3A5E6004F0D6B /* PathFinder.swift */; };
		BAF7524C20A3A6F2004F0D6B /* Global.swift in Sources */ = {isa = PBXBuildFile; fileRef = BAF7524B20A3A6F2004F0D6B /* Global.swift */; };
/* End PBXBuildFile section */

/* Begin PBXFileReference section */
		BA6EBAA5209D3DD200235375 /* IsoGame.app */ = {isa = PBXFileReference; explicitFileType = wrapper.application; includeInIndex = 0; path = IsoGame.app; sourceTree = BUILT_PRODUCTS_DIR; };
		BA6EBAA8209D3DD200235375 /* AppDelegate.swift */ = {isa = PBXFileReference; lastKnownFileType = sourcecode.swift; path = AppDelegate.swift; sourceTree = "<group>"; };
		BA6EBAAC209D3DD200235375 /* Actions.sks */ = {isa = PBXFileReference; lastKnownFileType = file.sks; path = Actions.sks; sourceTree = "<group>"; };
		BA6EBAAE209D3DD200235375 /* GameScene.swift */ = {isa = PBXFileReference; lastKnownFileType = sourcecode.swift; path = GameScene.swift; sourceTree = "<group>"; };
		BA6EBAB0209D3DD200235375 /* GameViewController.swift */ = {isa = PBXFileReference; lastKnownFileType = sourcecode.swift; path = GameViewController.swift; sourceTree = "<group>"; };
		BA6EBAB3209D3DD200235375 /* Base */ = {isa = PBXFileReference; lastKnownFileType = file.storyboard; name = Base; path = Base.lproj/Main.storyboard; sourceTree = "<group>"; };
		BA6EBAB5209D3DD400235375 /* Assets.xcassets */ = {isa = PBXFileReference; lastKnownFileType = folder.assetcatalog; path = Assets.xcassets; sourceTree = "<group>"; };
		BA6EBAB8209D3DD400235375 /* Base */ = {isa = PBXFileReference; lastKnownFileType = file.storyboard; name = Base; path = Base.lproj/LaunchScreen.storyboard; sourceTree = "<group>"; };
		BA6EBABA209D3DD400235375 /* Info.plist */ = {isa = PBXFileReference; lastKnownFileType = text.plist.xml; path = Info.plist; sourceTree = "<group>"; };
		BA6EBAC0209D3E3200235375 /* sprites.atlas */ = {isa = PBXFileReference; lastKnownFileType = folder.skatlas; path = sprites.atlas; sourceTree = "<group>"; };
		BAF75245209F8180004F0D6B /* Texture.swift */ = {isa = PBXFileReference; lastKnownFileType = sourcecode.swift; path = Texture.swift; sourceTree = "<group>"; };
		BAF75247209F83FA004F0D6B /* Character.swift */ = {isa = PBXFileReference; lastKnownFileType = sourcecode.swift; path = Character.swift; sourceTree = "<group>"; };
		BAF7524920A3A5E6004F0D6B /* PathFinder.swift */ = {isa = PBXFileReference; lastKnownFileType = sourcecode.swift; path = PathFinder.swift; sourceTree = "<group>"; };
		BAF7524B20A3A6F2004F0D6B /* Global.swift */ = {isa = PBXFileReference; lastKnownFileType = sourcecode.swift; path = Global.swift; sourceTree = "<group>"; };
/* End PBXFileReference section */

/* Begin PBXFrameworksBuildPhase section */
		BA6EBAA2209D3DD200235375 /* Frameworks */ = {
			isa = PBXFrameworksBuildPhase;
			buildActionMask = 2147483647;
			files = (
			);
			runOnlyForDeploymentPostprocessing = 0;
		};
/* End PBXFrameworksBuildPhase section */

/* Begin PBXGroup section */
		BA6EBA9C209D3DD200235375 = {
			isa = PBXGroup;
			children = (
				BA6EBAA7209D3DD200235375 /* IsoGame */,
				BA6EBAA6209D3DD200235375 /* Products */,
			);
			sourceTree = "<group>";
		};
		BA6EBAA6209D3DD200235375 /* Products */ = {
			isa = PBXGroup;
			children = (
				BA6EBAA5209D3DD200235375 /* IsoGame.app */,
			);
			name = Products;
			sourceTree = "<group>";
		};
		BA6EBAA7209D3DD200235375 /* IsoGame */ = {
			isa = PBXGroup;
			children = (
				BA6EBAA8209D3DD200235375 /* AppDelegate.swift */,
				BA6EBAAC209D3DD200235375 /* Actions.sks */,
				BA6EBAAE209D3DD200235375 /* GameScene.swift */,
				BAF7524920A3A5E6004F0D6B /* PathFinder.swift */,
				BAF7524B20A3A6F2004F0D6B /* Global.swift */,
				BAF75247209F83FA004F0D6B /* Character.swift */,
				BAF75245209F8180004F0D6B /* Texture.swift */,
				BA6EBAB0209D3DD200235375 /* GameViewController.swift */,
				BA6EBAB2209D3DD200235375 /* Main.storyboard */,
				BA6EBAB5209D3DD400235375 /* Assets.xcassets */,
				BA6EBAC0209D3E3200235375 /* sprites.atlas */,
				BA6EBAB7209D3DD400235375 /* LaunchScreen.storyboard */,
				BA6EBABA209D3DD400235375 /* Info.plist */,
			);
			path = IsoGame;
			sourceTree = "<group>";
		};
/* End PBXGroup section */

/* Begin PBXNativeTarget section */
		BA6EBAA4209D3DD200235375 /* IsoGame */ = {
			isa = PBXNativeTarget;
			buildConfigurationList = BA6EBABD209D3DD400235375 /* Build configuration list for PBXNativeTarget "IsoGame" */;
			buildPhases = (
				BA6EBAA1209D3DD200235375 /* Sources */,
				BA6EBAA2209D3DD200235375 /* Frameworks */,
				BA6EBAA3209D3DD200235375 /* Resources */,
			);
			buildRules = (
			);
			dependencies = (
			);
			name = IsoGame;
			productName = IsoGame;
			productReference = BA6EBAA5209D3DD200235375 /* IsoGame.app */;
			productType = "com.apple.product-type.application";
		};
/* End PBXNativeTarget section */

/* Begin PBXProject section */
		BA6EBA9D209D3DD200235375 /* Project object */ = {
			isa = PBXProject;
			attributes = {
				LastSwiftUpdateCheck = 0930;
				LastUpgradeCheck = 0930;
				ORGANIZATIONNAME = "Bret Williams";
				TargetAttributes = {
					BA6EBAA4209D3DD200235375 = {
						CreatedOnToolsVersion = 9.3;
					};
				};
			};
			buildConfigurationList = BA6EBAA0209D3DD200235375 /* Build configuration list for PBXProject "IsoGame" */;
			compatibilityVersion = "Xcode 9.3";
			developmentRegion = en;
			hasScannedForEncodings = 0;
			knownRegions = (
				en,
				Base,
			);
			mainGroup = BA6EBA9C209D3DD200235375;
			productRefGroup = BA6EBAA6209D3DD200235375 /* Products */;
			projectDirPath = "";
			projectRoot = "";
			targets = (
				BA6EBAA4209D3DD200235375 /* IsoGame */,
			);
		};
/* End PBXProject section */

/* Begin PBXResourcesBuildPhase section */
		BA6EBAA3209D3DD200235375 /* Resources */ = {
			isa = PBXResourcesBuildPhase;
			buildActionMask = 2147483647;
			files = (
				BA6EBAB4209D3DD200235375 /* Main.storyboard in Resources */,
				BA6EBAB6209D3DD400235375 /* Assets.xcassets in Resources */,
				BA6EBAB9209D3DD400235375 /* LaunchScreen.storyboard in Resources */,
				BA6EBAC1209D3E3200235375 /* sprites.atlas in Resources */,
				BA6EBAAD209D3DD200235375 /* Actions.sks in Resources */,
			);
			runOnlyForDeploymentPostprocessing = 0;
		};
/* End PBXResourcesBuildPhase section */

/* Begin PBXSourcesBuildPhase section */
		BA6EBAA1209D3DD200235375 /* Sources */ = {
			isa = PBXSourcesBuildPhase;
			buildActionMask = 2147483647;
			files = (
				BA6EBAAF209D3DD200235375 /* GameScene.swift in Sources */,
				BAF75246209F8180004F0D6B /* Texture.swift in Sources */,
				BAF7524A20A3A5E6004F0D6B /* PathFinder.swift in Sources */,
				BAF75248209F83FA004F0D6B /* Character.swift in Sources */,
				BA6EBAB1209D3DD200235375 /* GameViewController.swift in Sources */,
				BA6EBAA9209D3DD200235375 /* AppDelegate.swift in Sources */,
				BAF7524C20A3A6F2004F0D6B /* Global.swift in Sources */,
			);
			runOnlyForDeploymentPostprocessing = 0;
		};
/* End PBXSourcesBuildPhase section */

/* Begin PBXVariantGroup section */
		BA6EBAB2209D3DD200235375 /* Main.storyboard */ = {
			isa = PBXVariantGroup;
			children = (
				BA6EBAB3209D3DD200235375 /* Base */,
			);
			name = Main.storyboard;
			sourceTree = "<group>";
		};
		BA6EBAB7209D3DD400235375 /* LaunchScreen.storyboard */ = {
			isa = PBXVariantGroup;
			children = (
				BA6EBAB8209D3DD400235375 /* Base */,
			);
			name = LaunchScreen.storyboard;
			sourceTree = "<group>";
		};
/* End PBXVariantGroup section */

/* Begin XCBuildConfiguration section */
		BA6EBABB209D3DD400235375 /* Debug */ = {
			isa = XCBuildConfiguration;
			buildSettings = {
				ALWAYS_SEARCH_USER_PATHS = NO;
				CLANG_ANALYZER_NONNULL = YES;
				CLANG_ANALYZER_NUMBER_OBJECT_CONVERSION = YES_AGGRESSIVE;
				CLANG_CXX_LANGUAGE_STANDARD = "gnu++14";
				CLANG_CXX_LIBRARY = "libc++";
				CLANG_ENABLE_MODULES = YES;
				CLANG_ENABLE_OBJC_ARC = YES;
				CLANG_ENABLE_OBJC_WEAK = YES;
				CLANG_WARN_BLOCK_CAPTURE_AUTORELEASING = YES;
				CLANG_WARN_BOOL_CONVERSION = YES;
				CLANG_WARN_COMMA = YES;
				CLANG_WARN_CONSTANT_CONVERSION = YES;
				CLANG_WARN_DEPRECATED_OBJC_IMPLEMENTATIONS = YES;
				CLANG_WARN_DIRECT_OBJC_ISA_USAGE = YES_ERROR;
				CLANG_WARN_DOCUMENTATION_COMMENTS = YES;
				CLANG_WARN_EMPTY_BODY = YES;
				CLANG_WARN_ENUM_CONVERSION = YES;
				CLANG_WARN_INFINITE_RECURSION = YES;
				CLANG_WARN_INT_CONVERSION = YES;
				CLANG_WARN_NON_LITERAL_NULL_CONVERSION = YES;
				CLANG_WARN_OBJC_IMPLICIT_RETAIN_SELF = YES;
				CLANG_WARN_OBJC_LITERAL_CONVERSION = YES;
				CLANG_WARN_OBJC_ROOT_CLASS = YES_ERROR;
				CLANG_WARN_RANGE_LOOP_ANALYSIS = YES;
				CLANG_WARN_STRICT_PROTOTYPES = YES;
				CLANG_WARN_SUSPICIOUS_MOVE = YES;
				CLANG_WARN_UNGUARDED_AVAILABILITY = YES_AGGRESSIVE;
				CLANG_WARN_UNREACHABLE_CODE = YES;
				CLANG_WARN__DUPLICATE_METHOD_MATCH = YES;
				CODE_SIGN_IDENTITY = "iPhone Developer";
				COPY_PHASE_STRIP = NO;
				DEBUG_INFORMATION_FORMAT = dwarf;
				ENABLE_STRICT_OBJC_MSGSEND = YES;
				ENABLE_TESTABILITY = YES;
				GCC_C_LANGUAGE_STANDARD = gnu11;
				GCC_DYNAMIC_NO_PIC = NO;
				GCC_NO_COMMON_BLOCKS = YES;
				GCC_OPTIMIZATION_LEVEL = 0;
				GCC_PREPROCESSOR_DEFINITIONS = (
					"DEBUG=1",
					"$(inherited)",
				);
				GCC_WARN_64_TO_32_BIT_CONVERSION = YES;
				GCC_WARN_ABOUT_RETURN_TYPE = YES_ERROR;
				GCC_WARN_UNDECLARED_SELECTOR = YES;
				GCC_WARN_UNINITIALIZED_AUTOS = YES_AGGRESSIVE;
				GCC_WARN_UNUSED_FUNCTION = YES;
				GCC_WARN_UNUSED_VARIABLE = YES;
				IPHONEOS_DEPLOYMENT_TARGET = 11.3;
				MTL_ENABLE_DEBUG_INFO = YES;
				ONLY_ACTIVE_ARCH = YES;
				SDKROOT = iphoneos;
				SWIFT_ACTIVE_COMPILATION_CONDITIONS = DEBUG;
				SWIFT_OPTIMIZATION_LEVEL = "-Onone";
			};
			name = Debug;
		};
		BA6EBABC209D3DD400235375 /* Release */ = {
			isa = XCBuildConfiguration;
			buildSettings = {
				ALWAYS_SEARCH_USER_PATHS = NO;
				CLANG_ANALYZER_NONNULL = YES;
				CLANG_ANALYZER_NUMBER_OBJECT_CONVERSION = YES_AGGRESSIVE;
				CLANG_CXX_LANGUAGE_STANDARD = "gnu++14";
				CLANG_CXX_LIBRARY = "libc++";
				CLANG_ENABLE_MODULES = YES;
				CLANG_ENABLE_OBJC_ARC = YES;
				CLANG_ENABLE_OBJC_WEAK = YES;
				CLANG_WARN_BLOCK_CAPTURE_AUTORELEASING = YES;
				CLANG_WARN_BOOL_CONVERSION = YES;
				CLANG_WARN_COMMA = YES;
				CLANG_WARN_CONSTANT_CONVERSION = YES;
				CLANG_WARN_DEPRECATED_OBJC_IMPLEMENTATIONS = YES;
				CLANG_WARN_DIRECT_OBJC_ISA_USAGE = YES_ERROR;
				CLANG_WARN_DOCUMENTATION_COMMENTS = YES;
				CLANG_WARN_EMPTY_BODY = YES;
				CLANG_WARN_ENUM_CONVERSION = YES;
				CLANG_WARN_INFINITE_RECURSION = YES;
				CLANG_WARN_INT_CONVERSION = YES;
				CLANG_WARN_NON_LITERAL_NULL_CONVERSION = YES;
				CLANG_WARN_OBJC_IMPLICIT_RETAIN_SELF = YES;
				CLANG_WARN_OBJC_LITERAL_CONVERSION = YES;
				CLANG_WARN_OBJC_ROOT_CLASS = YES_ERROR;
				CLANG_WARN_RANGE_LOOP_ANALYSIS = YES;
				CLANG_WARN_STRICT_PROTOTYPES = YES;
				CLANG_WARN_SUSPICIOUS_MOVE = YES;
				CLANG_WARN_UNGUARDED_AVAILABILITY = YES_AGGRESSIVE;
				CLANG_WARN_UNREACHABLE_CODE = YES;
				CLANG_WARN__DUPLICATE_METHOD_MATCH = YES;
				CODE_SIGN_IDENTITY = "iPhone Developer";
				COPY_PHASE_STRIP = NO;
				DEBUG_INFORMATION_FORMAT = "dwarf-with-dsym";
				ENABLE_NS_ASSERTIONS = NO;
				ENABLE_STRICT_OBJC_MSGSEND = YES;
				GCC_C_LANGUAGE_STANDARD = gnu11;
				GCC_NO_COMMON_BLOCKS = YES;
				GCC_WARN_64_TO_32_BIT_CONVERSION = YES;
				GCC_WARN_ABOUT_RETURN_TYPE = YES_ERROR;
				GCC_WARN_UNDECLARED_SELECTOR = YES;
				GCC_WARN_UNINITIALIZED_AUTOS = YES_AGGRESSIVE;
				GCC_WARN_UNUSED_FUNCTION = YES;
				GCC_WARN_UNUSED_VARIABLE = YES;
				IPHONEOS_DEPLOYMENT_TARGET = 11.3;
				MTL_ENABLE_DEBUG_INFO = NO;
				SDKROOT = iphoneos;
				SWIFT_COMPILATION_MODE = wholemodule;
				SWIFT_OPTIMIZATION_LEVEL = "-O";
				VALIDATE_PRODUCT = YES;
			};
			name = Release;
		};
		BA6EBABE209D3DD400235375 /* Debug */ = {
			isa = XCBuildConfiguration;
			buildSettings = {
				ASSETCATALOG_COMPILER_APPICON_NAME = AppIcon;
				CODE_SIGN_STYLE = Automatic;
				DEVELOPMENT_TEAM = R29T922PDR;
				INFOPLIST_FILE = IsoGame/Info.plist;
				LD_RUNPATH_SEARCH_PATHS = (
					"$(inherited)",
					"@executable_path/Frameworks",
				);
				PRODUCT_BUNDLE_IDENTIFIER = Aeschinder.IsoGame;
				PRODUCT_NAME = "$(TARGET_NAME)";
				SWIFT_VERSION = 4.0;
				TARGETED_DEVICE_FAMILY = "1,2";
			};
			name = Debug;
		};
		BA6EBABF209D3DD400235375 /* Release */ = {
			isa = XCBuildConfiguration;
			buildSettings = {
				ASSETCATALOG_COMPILER_APPICON_NAME = AppIcon;
				CODE_SIGN_STYLE = Automatic;
				DEVELOPMENT_TEAM = R29T922PDR;
				INFOPLIST_FILE = IsoGame/Info.plist;
				LD_RUNPATH_SEARCH_PATHS = (
					"$(inherited)",
					"@executable_path/Frameworks",
				);
				PRODUCT_BUNDLE_IDENTIFIER = Aeschinder.IsoGame;
				PRODUCT_NAME = "$(TARGET_NAME)";
				SWIFT_VERSION = 4.0;
				TARGETED_DEVICE_FAMILY = "1,2";
			};
			name = Release;
		};
/* End XCBuildConfiguration section */

/* Begin XCConfigurationList section */
		BA6EBAA0209D3DD200235375 /* Build configuration list for PBXProject "IsoGame" */ = {
			isa = XCConfigurationList;
			buildConfigurations = (
				BA6EBABB209D3DD400235375 /* Debug */,
				BA6EBABC209D3DD400235375 /* Release */,
			);
			defaultConfigurationIsVisible = 0;
			defaultConfigurationName = Release;
		};
		BA6EBABD209D3DD400235375 /* Build configuration list for PBXNativeTarget "IsoGame" */ = {
			isa = XCConfigurationList;
			buildConfigurations = (
				BA6EBABE209D3DD400235375 /* Debug */,
				BA6EBABF209D3DD400235375 /* Release */,
			);
			defaultConfigurationIsVisible = 0;
			defaultConfigurationName = Release;
		};
/* End XCConfigurationList section */
	};
	rootObject = BA6EBA9D209D3DD200235375 /* Project object */;
}
